// !$*UTF8*$!
{
	archiveVersion = 1;
	classes = {
	};
	objectVersion = 46;
	objects = {

/* Begin PBXBuildFile section */
		043FD7411B79CFD400366018 /* AppDelegate.swift in Sources */ = {isa = PBXBuildFile; fileRef = 043FD7401B79CFD400366018 /* AppDelegate.swift */; };
		043FD7431B79CFD400366018 /* ViewController.swift in Sources */ = {isa = PBXBuildFile; fileRef = 043FD7421B79CFD400366018 /* ViewController.swift */; };
		043FD7461B79CFD400366018 /* Main.storyboard in Resources */ = {isa = PBXBuildFile; fileRef = 043FD7441B79CFD400366018 /* Main.storyboard */; };
		043FD7481B79CFD400366018 /* Images.xcassets in Resources */ = {isa = PBXBuildFile; fileRef = 043FD7471B79CFD400366018 /* Images.xcassets */; };
		043FD74B1B79CFD400366018 /* LaunchScreen.xib in Resources */ = {isa = PBXBuildFile; fileRef = 043FD7491B79CFD400366018 /* LaunchScreen.xib */; };
		043FD7571B79CFD400366018 /* Daily_SomethingTests.swift in Sources */ = {isa = PBXBuildFile; fileRef = 043FD7561B79CFD400366018 /* Daily_SomethingTests.swift */; };
		6FDBF93B1B79D5BF007269B5 /* ViewControllerSetting.swift in Sources */ = {isa = PBXBuildFile; fileRef = 6FDBF93A1B79D5BF007269B5 /* ViewControllerSetting.swift */; };
		6FDBF93D1B79D641007269B5 /* ViewControllerEditProfile.swift in Sources */ = {isa = PBXBuildFile; fileRef = 6FDBF93C1B79D641007269B5 /* ViewControllerEditProfile.swift */; };
		6FDBF93F1B79D64A007269B5 /* AlarmViewController.swift in Sources */ = {isa = PBXBuildFile; fileRef = 6FDBF93E1B79D64A007269B5 /* AlarmViewController.swift */; };
		6FDBF9411B79D655007269B5 /* AddAlarmViewController.swift in Sources */ = {isa = PBXBuildFile; fileRef = 6FDBF9401B79D655007269B5 /* AddAlarmViewController.swift */; };
		6FDBF9431B79D65D007269B5 /* TimeLineViewController.swift in Sources */ = {isa = PBXBuildFile; fileRef = 6FDBF9421B79D65D007269B5 /* TimeLineViewController.swift */; };
		6FDBF9451B79D666007269B5 /* WriteDiaryViewController.swift in Sources */ = {isa = PBXBuildFile; fileRef = 6FDBF9441B79D666007269B5 /* WriteDiaryViewController.swift */; };
		6FDBF9471B79D671007269B5 /* calendar.png in Resources */ = {isa = PBXBuildFile; fileRef = 6FDBF9461B79D671007269B5 /* calendar.png */; };
		6FDBF9491B79D678007269B5 /* timeline.png in Resources */ = {isa = PBXBuildFile; fileRef = 6FDBF9481B79D678007269B5 /* timeline.png */; };
		6FDBF94B1B79D689007269B5 /* CustomTableViewCell.swift in Sources */ = {isa = PBXBuildFile; fileRef = 6FDBF94A1B79D689007269B5 /* CustomTableViewCell.swift */; };
		6FDBF94D1B79D694007269B5 /* Settings.png in Resources */ = {isa = PBXBuildFile; fileRef = 6FDBF94C1B79D694007269B5 /* Settings.png */; };
		6FDBF9521B79D6A6007269B5 /* alarm.png in Resources */ = {isa = PBXBuildFile; fileRef = 6FDBF94E1B79D6A6007269B5 /* alarm.png */; };
		6FDBF9531B79D6A6007269B5 /* mail.png in Resources */ = {isa = PBXBuildFile; fileRef = 6FDBF94F1B79D6A6007269B5 /* mail.png */; };
		6FDBF9541B79D6A6007269B5 /* password.png in Resources */ = {isa = PBXBuildFile; fileRef = 6FDBF9501B79D6A6007269B5 /* password.png */; };
		6FDBF9551B79D6A6007269B5 /* person.png in Resources */ = {isa = PBXBuildFile; fileRef = 6FDBF9511B79D6A6007269B5 /* person.png */; };
/* End PBXBuildFile section */

/* Begin PBXContainerItemProxy section */
		043FD7511B79CFD400366018 /* PBXContainerItemProxy */ = {
			isa = PBXContainerItemProxy;
			containerPortal = 043FD7331B79CFD400366018 /* Project object */;
			proxyType = 1;
			remoteGlobalIDString = 043FD73A1B79CFD400366018;
			remoteInfo = Daily_Something;
		};
/* End PBXContainerItemProxy section */

/* Begin PBXFileReference section */
		043FD73B1B79CFD400366018 /* Daily_Something.app */ = {isa = PBXFileReference; explicitFileType = wrapper.application; includeInIndex = 0; path = Daily_Something.app; sourceTree = BUILT_PRODUCTS_DIR; };
		043FD73F1B79CFD400366018 /* Info.plist */ = {isa = PBXFileReference; lastKnownFileType = text.plist.xml; path = Info.plist; sourceTree = "<group>"; };
		043FD7401B79CFD400366018 /* AppDelegate.swift */ = {isa = PBXFileReference; lastKnownFileType = sourcecode.swift; path = AppDelegate.swift; sourceTree = "<group>"; };
		043FD7421B79CFD400366018 /* ViewController.swift */ = {isa = PBXFileReference; lastKnownFileType = sourcecode.swift; path = ViewController.swift; sourceTree = "<group>"; };
		043FD7451B79CFD400366018 /* Base */ = {isa = PBXFileReference; lastKnownFileType = file.storyboard; name = Base; path = Base.lproj/Main.storyboard; sourceTree = "<group>"; };
		043FD7471B79CFD400366018 /* Images.xcassets */ = {isa = PBXFileReference; lastKnownFileType = folder.assetcatalog; path = Images.xcassets; sourceTree = "<group>"; };
		043FD74A1B79CFD400366018 /* Base */ = {isa = PBXFileReference; lastKnownFileType = file.xib; name = Base; path = Base.lproj/LaunchScreen.xib; sourceTree = "<group>"; };
		043FD7501B79CFD400366018 /* Daily_SomethingTests.xctest */ = {isa = PBXFileReference; explicitFileType = wrapper.cfbundle; includeInIndex = 0; path = Daily_SomethingTests.xctest; sourceTree = BUILT_PRODUCTS_DIR; };
		043FD7551B79CFD400366018 /* Info.plist */ = {isa = PBXFileReference; lastKnownFileType = text.plist.xml; path = Info.plist; sourceTree = "<group>"; };
		043FD7561B79CFD400366018 /* Daily_SomethingTests.swift */ = {isa = PBXFileReference; lastKnownFileType = sourcecode.swift; path = Daily_SomethingTests.swift; sourceTree = "<group>"; };
		6FDBF93A1B79D5BF007269B5 /* ViewControllerSetting.swift */ = {isa = PBXFileReference; fileEncoding = 4; lastKnownFileType = sourcecode.swift; path = ViewControllerSetting.swift; sourceTree = "<group>"; };
		6FDBF93C1B79D641007269B5 /* ViewControllerEditProfile.swift */ = {isa = PBXFileReference; fileEncoding = 4; lastKnownFileType = sourcecode.swift; path = ViewControllerEditProfile.swift; sourceTree = "<group>"; };
		6FDBF93E1B79D64A007269B5 /* AlarmViewController.swift */ = {isa = PBXFileReference; fileEncoding = 4; lastKnownFileType = sourcecode.swift; path = AlarmViewController.swift; sourceTree = "<group>"; };
		6FDBF9401B79D655007269B5 /* AddAlarmViewController.swift */ = {isa = PBXFileReference; fileEncoding = 4; lastKnownFileType = sourcecode.swift; path = AddAlarmViewController.swift; sourceTree = "<group>"; };
		6FDBF9421B79D65D007269B5 /* TimeLineViewController.swift */ = {isa = PBXFileReference; fileEncoding = 4; lastKnownFileType = sourcecode.swift; path = TimeLineViewController.swift; sourceTree = "<group>"; };
		6FDBF9441B79D666007269B5 /* WriteDiaryViewController.swift */ = {isa = PBXFileReference; fileEncoding = 4; lastKnownFileType = sourcecode.swift; path = WriteDiaryViewController.swift; sourceTree = "<group>"; };
		6FDBF9461B79D671007269B5 /* calendar.png */ = {isa = PBXFileReference; lastKnownFileType = image.png; path = calendar.png; sourceTree = "<group>"; };
		6FDBF9481B79D678007269B5 /* timeline.png */ = {isa = PBXFileReference; lastKnownFileType = image.png; path = timeline.png; sourceTree = "<group>"; };
		6FDBF94A1B79D689007269B5 /* CustomTableViewCell.swift */ = {isa = PBXFileReference; fileEncoding = 4; lastKnownFileType = sourcecode.swift; name = CustomTableViewCell.swift; path = ../../../MyJournal/MyJournal/CustomTableViewCell.swift; sourceTree = "<group>"; };
		6FDBF94C1B79D694007269B5 /* Settings.png */ = {isa = PBXFileReference; lastKnownFileType = image.png; name = Settings.png; path = ../../../MyJournal/MyJournal/Settings.png; sourceTree = "<group>"; };
		6FDBF94E1B79D6A6007269B5 /* alarm.png */ = {isa = PBXFileReference; lastKnownFileType = image.png; name = alarm.png; path = ../../../MyJournal/MyJournal/setting/alarm.png; sourceTree = "<group>"; };
		6FDBF94F1B79D6A6007269B5 /* mail.png */ = {isa = PBXFileReference; lastKnownFileType = image.png; name = mail.png; path = ../../../MyJournal/MyJournal/setting/mail.png; sourceTree = "<group>"; };
		6FDBF9501B79D6A6007269B5 /* password.png */ = {isa = PBXFileReference; lastKnownFileType = image.png; name = password.png; path = ../../../MyJournal/MyJournal/setting/password.png; sourceTree = "<group>"; };
		6FDBF9511B79D6A6007269B5 /* person.png */ = {isa = PBXFileReference; lastKnownFileType = image.png; name = person.png; path = ../../../MyJournal/MyJournal/setting/person.png; sourceTree = "<group>"; };
/* End PBXFileReference section */

/* Begin PBXFrameworksBuildPhase section */
		043FD7381B79CFD400366018 /* Frameworks */ = {
			isa = PBXFrameworksBuildPhase;
			buildActionMask = 2147483647;
			files = (
			);
			runOnlyForDeploymentPostprocessing = 0;
		};
		043FD74D1B79CFD400366018 /* Frameworks */ = {
			isa = PBXFrameworksBuildPhase;
			buildActionMask = 2147483647;
			files = (
			);
			runOnlyForDeploymentPostprocessing = 0;
		};
/* End PBXFrameworksBuildPhase section */

/* Begin PBXGroup section */
		043FD7321B79CFD400366018 = {
			isa = PBXGroup;
			children = (
				043FD73D1B79CFD400366018 /* Daily_Something */,
				043FD7531B79CFD400366018 /* Daily_SomethingTests */,
				043FD73C1B79CFD400366018 /* Products */,
			);
			sourceTree = "<group>";
		};
		043FD73C1B79CFD400366018 /* Products */ = {
			isa = PBXGroup;
			children = (
				043FD73B1B79CFD400366018 /* Daily_Something.app */,
				043FD7501B79CFD400366018 /* Daily_SomethingTests.xctest */,
			);
			name = Products;
			sourceTree = "<group>";
		};
		043FD73D1B79CFD400366018 /* Daily_Something */ = {
			isa = PBXGroup;
			children = (
				043FD7401B79CFD400366018 /* AppDelegate.swift */,
				043FD7421B79CFD400366018 /* ViewController.swift */,
				043FD7441B79CFD400366018 /* Main.storyboard */,
				6FDBF93A1B79D5BF007269B5 /* ViewControllerSetting.swift */,
				6FDBF93E1B79D64A007269B5 /* AlarmViewController.swift */,
				6FDBF9401B79D655007269B5 /* AddAlarmViewController.swift */,
				6FDBF93C1B79D641007269B5 /* ViewControllerEditProfile.swift */,
				6FDBF9421B79D65D007269B5 /* TimeLineViewController.swift */,
				6FDBF9441B79D666007269B5 /* WriteDiaryViewController.swift */,
				6FDBF94A1B79D689007269B5 /* CustomTableViewCell.swift */,
				043FD7471B79CFD400366018 /* Images.xcassets */,
				6FDBF9461B79D671007269B5 /* calendar.png */,
				6FDBF94C1B79D694007269B5 /* Settings.png */,
				6FDBF9481B79D678007269B5 /* timeline.png */,
				6FDBF94E1B79D6A6007269B5 /* alarm.png */,
				6FDBF94F1B79D6A6007269B5 /* mail.png */,
				6FDBF9501B79D6A6007269B5 /* password.png */,
				6FDBF9511B79D6A6007269B5 /* person.png */,
				043FD7491B79CFD400366018 /* LaunchScreen.xib */,
				043FD73E1B79CFD400366018 /* Supporting Files */,
			);
			path = Daily_Something;
			sourceTree = "<group>";
		};
		043FD73E1B79CFD400366018 /* Supporting Files */ = {
			isa = PBXGroup;
			children = (
				043FD73F1B79CFD400366018 /* Info.plist */,
			);
			name = "Supporting Files";
			sourceTree = "<group>";
		};
		043FD7531B79CFD400366018 /* Daily_SomethingTests */ = {
			isa = PBXGroup;
			children = (
				043FD7561B79CFD400366018 /* Daily_SomethingTests.swift */,
				043FD7541B79CFD400366018 /* Supporting Files */,
			);
			path = Daily_SomethingTests;
			sourceTree = "<group>";
		};
		043FD7541B79CFD400366018 /* Supporting Files */ = {
			isa = PBXGroup;
			children = (
				043FD7551B79CFD400366018 /* Info.plist */,
			);
			name = "Supporting Files";
			sourceTree = "<group>";
		};
/* End PBXGroup section */

/* Begin PBXNativeTarget section */
		043FD73A1B79CFD400366018 /* Daily_Something */ = {
			isa = PBXNativeTarget;
			buildConfigurationList = 043FD75A1B79CFD400366018 /* Build configuration list for PBXNativeTarget "Daily_Something" */;
			buildPhases = (
				043FD7371B79CFD400366018 /* Sources */,
				043FD7381B79CFD400366018 /* Frameworks */,
				043FD7391B79CFD400366018 /* Resources */,
			);
			buildRules = (
			);
			dependencies = (
			);
			name = Daily_Something;
			productName = Daily_Something;
			productReference = 043FD73B1B79CFD400366018 /* Daily_Something.app */;
			productType = "com.apple.product-type.application";
		};
		043FD74F1B79CFD400366018 /* Daily_SomethingTests */ = {
			isa = PBXNativeTarget;
			buildConfigurationList = 043FD75D1B79CFD400366018 /* Build configuration list for PBXNativeTarget "Daily_SomethingTests" */;
			buildPhases = (
				043FD74C1B79CFD400366018 /* Sources */,
				043FD74D1B79CFD400366018 /* Frameworks */,
				043FD74E1B79CFD400366018 /* Resources */,
			);
			buildRules = (
			);
			dependencies = (
				043FD7521B79CFD400366018 /* PBXTargetDependency */,
			);
			name = Daily_SomethingTests;
			productName = Daily_SomethingTests;
			productReference = 043FD7501B79CFD400366018 /* Daily_SomethingTests.xctest */;
			productType = "com.apple.product-type.bundle.unit-test";
		};
/* End PBXNativeTarget section */

/* Begin PBXProject section */
		043FD7331B79CFD400366018 /* Project object */ = {
			isa = PBXProject;
			attributes = {
				LastUpgradeCheck = 0640;
				ORGANIZATIONNAME = mac;
				TargetAttributes = {
					043FD73A1B79CFD400366018 = {
						CreatedOnToolsVersion = 6.4;
					};
					043FD74F1B79CFD400366018 = {
						CreatedOnToolsVersion = 6.4;
						TestTargetID = 043FD73A1B79CFD400366018;
					};
				};
			};
			buildConfigurationList = 043FD7361B79CFD400366018 /* Build configuration list for PBXProject "Daily_Something" */;
			compatibilityVersion = "Xcode 3.2";
			developmentRegion = English;
			hasScannedForEncodings = 0;
			knownRegions = (
				en,
				Base,
			);
			mainGroup = 043FD7321B79CFD400366018;
			productRefGroup = 043FD73C1B79CFD400366018 /* Products */;
			projectDirPath = "";
			projectRoot = "";
			targets = (
				043FD73A1B79CFD400366018 /* Daily_Something */,
				043FD74F1B79CFD400366018 /* Daily_SomethingTests */,
			);
		};
/* End PBXProject section */

/* Begin PBXResourcesBuildPhase section */
		043FD7391B79CFD400366018 /* Resources */ = {
			isa = PBXResourcesBuildPhase;
			buildActionMask = 2147483647;
			files = (
				6FDBF9541B79D6A6007269B5 /* password.png in Resources */,
				6FDBF9491B79D678007269B5 /* timeline.png in Resources */,
				6FDBF9521B79D6A6007269B5 /* alarm.png in Resources */,
				043FD7461B79CFD400366018 /* Main.storyboard in Resources */,
				6FDBF9551B79D6A6007269B5 /* person.png in Resources */,
				6FDBF94D1B79D694007269B5 /* Settings.png in Resources */,
				6FDBF9471B79D671007269B5 /* calendar.png in Resources */,
				043FD74B1B79CFD400366018 /* LaunchScreen.xib in Resources */,
				6FDBF9531B79D6A6007269B5 /* mail.png in Resources */,
				043FD7481B79CFD400366018 /* Images.xcassets in Resources */,
			);
			runOnlyForDeploymentPostprocessing = 0;
		};
		043FD74E1B79CFD400366018 /* Resources */ = {
			isa = PBXResourcesBuildPhase;
			buildActionMask = 2147483647;
			files = (
			);
			runOnlyForDeploymentPostprocessing = 0;
		};
/* End PBXResourcesBuildPhase section */

/* Begin PBXSourcesBuildPhase section */
		043FD7371B79CFD400366018 /* Sources */ = {
			isa = PBXSourcesBuildPhase;
			buildActionMask = 2147483647;
			files = (
				6FDBF94B1B79D689007269B5 /* CustomTableViewCell.swift in Sources */,
				6FDBF9411B79D655007269B5 /* AddAlarmViewController.swift in Sources */,
				6FDBF93F1B79D64A007269B5 /* AlarmViewController.swift in Sources */,
				6FDBF9431B79D65D007269B5 /* TimeLineViewController.swift in Sources */,
				6FDBF93D1B79D641007269B5 /* ViewControllerEditProfile.swift in Sources */,
				6FDBF9451B79D666007269B5 /* WriteDiaryViewController.swift in Sources */,
				043FD7431B79CFD400366018 /* ViewController.swift in Sources */,
				043FD7411B79CFD400366018 /* AppDelegate.swift in Sources */,
				6FDBF93B1B79D5BF007269B5 /* ViewControllerSetting.swift in Sources */,
			);
			runOnlyForDeploymentPostprocessing = 0;
		};
		043FD74C1B79CFD400366018 /* Sources */ = {
			isa = PBXSourcesBuildPhase;
			buildActionMask = 2147483647;
			files = (
				043FD7571B79CFD400366018 /* Daily_SomethingTests.swift in Sources */,
			);
			runOnlyForDeploymentPostprocessing = 0;
		};
/* End PBXSourcesBuildPhase section */

/* Begin PBXTargetDependency section */
		043FD7521B79CFD400366018 /* PBXTargetDependency */ = {
			isa = PBXTargetDependency;
			target = 043FD73A1B79CFD400366018 /* Daily_Something */;
			targetProxy = 043FD7511B79CFD400366018 /* PBXContainerItemProxy */;
		};
/* End PBXTargetDependency section */

/* Begin PBXVariantGroup section */
		043FD7441B79CFD400366018 /* Main.storyboard */ = {
			isa = PBXVariantGroup;
			children = (
				043FD7451B79CFD400366018 /* Base */,
			);
			name = Main.storyboard;
			sourceTree = "<group>";
		};
		043FD7491B79CFD400366018 /* LaunchScreen.xib */ = {
			isa = PBXVariantGroup;
			children = (
				043FD74A1B79CFD400366018 /* Base */,
			);
			name = LaunchScreen.xib;
			sourceTree = "<group>";
		};
/* End PBXVariantGroup section */

/* Begin XCBuildConfiguration section */
		043FD7581B79CFD400366018 /* Debug */ = {
			isa = XCBuildConfiguration;
			buildSettings = {
				ALWAYS_SEARCH_USER_PATHS = NO;
				CLANG_CXX_LANGUAGE_STANDARD = "gnu++0x";
				CLANG_CXX_LIBRARY = "libc++";
				CLANG_ENABLE_MODULES = YES;
				CLANG_ENABLE_OBJC_ARC = YES;
				CLANG_WARN_BOOL_CONVERSION = YES;
				CLANG_WARN_CONSTANT_CONVERSION = YES;
				CLANG_WARN_DIRECT_OBJC_ISA_USAGE = YES_ERROR;
				CLANG_WARN_EMPTY_BODY = YES;
				CLANG_WARN_ENUM_CONVERSION = YES;
				CLANG_WARN_INT_CONVERSION = YES;
				CLANG_WARN_OBJC_ROOT_CLASS = YES_ERROR;
				CLANG_WARN_UNREACHABLE_CODE = YES;
				CLANG_WARN__DUPLICATE_METHOD_MATCH = YES;
				"CODE_SIGN_IDENTITY[sdk=iphoneos*]" = "iPhone Developer";
				COPY_PHASE_STRIP = NO;
				DEBUG_INFORMATION_FORMAT = "dwarf-with-dsym";
				ENABLE_STRICT_OBJC_MSGSEND = YES;
				GCC_C_LANGUAGE_STANDARD = gnu99;
				GCC_DYNAMIC_NO_PIC = NO;
				GCC_NO_COMMON_BLOCKS = YES;
				GCC_OPTIMIZATION_LEVEL = 0;
				GCC_PREPROCESSOR_DEFINITIONS = (
					"DEBUG=1",
					"$(inherited)",
				);
				GCC_SYMBOLS_PRIVATE_EXTERN = NO;
				GCC_WARN_64_TO_32_BIT_CONVERSION = YES;
				GCC_WARN_ABOUT_RETURN_TYPE = YES_ERROR;
				GCC_WARN_UNDECLARED_SELECTOR = YES;
				GCC_WARN_UNINITIALIZED_AUTOS = YES_AGGRESSIVE;
				GCC_WARN_UNUSED_FUNCTION = YES;
				GCC_WARN_UNUSED_VARIABLE = YES;
				IPHONEOS_DEPLOYMENT_TARGET = 8.4;
				MTL_ENABLE_DEBUG_INFO = YES;
				ONLY_ACTIVE_ARCH = YES;
				SDKROOT = iphoneos;
				SWIFT_OPTIMIZATION_LEVEL = "-Onone";
			};
			name = Debug;
		};
		043FD7591B79CFD400366018 /* Release */ = {
			isa = XCBuildConfiguration;
			buildSettings = {
				ALWAYS_SEARCH_USER_PATHS = NO;
				CLANG_CXX_LANGUAGE_STANDARD = "gnu++0x";
				CLANG_CXX_LIBRARY = "libc++";
				CLANG_ENABLE_MODULES = YES;
				CLANG_ENABLE_OBJC_ARC = YES;
				CLANG_WARN_BOOL_CONVERSION = YES;
				CLANG_WARN_CONSTANT_CONVERSION = YES;
				CLANG_WARN_DIRECT_OBJC_ISA_USAGE = YES_ERROR;
				CLANG_WARN_EMPTY_BODY = YES;
				CLANG_WARN_ENUM_CONVERSION = YES;
				CLANG_WARN_INT_CONVERSION = YES;
				CLANG_WARN_OBJC_ROOT_CLASS = YES_ERROR;
				CLANG_WARN_UNREACHABLE_CODE = YES;
				CLANG_WARN__DUPLICATE_METHOD_MATCH = YES;
				"CODE_SIGN_IDENTITY[sdk=iphoneos*]" = "iPhone Developer";
				COPY_PHASE_STRIP = NO;
				DEBUG_INFORMATION_FORMAT = "dwarf-with-dsym";
				ENABLE_NS_ASSERTIONS = NO;
				ENABLE_STRICT_OBJC_MSGSEND = YES;
				GCC_C_LANGUAGE_STANDARD = gnu99;
				GCC_NO_COMMON_BLOCKS = YES;
				GCC_WARN_64_TO_32_BIT_CONVERSION = YES;
				GCC_WARN_ABOUT_RETURN_TYPE = YES_ERROR;
				GCC_WARN_UNDECLARED_SELECTOR = YES;
				GCC_WARN_UNINITIALIZED_AUTOS = YES_AGGRESSIVE;
				GCC_WARN_UNUSED_FUNCTION = YES;
				GCC_WARN_UNUSED_VARIABLE = YES;
				IPHONEOS_DEPLOYMENT_TARGET = 8.4;
				MTL_ENABLE_DEBUG_INFO = NO;
				SDKROOT = iphoneos;
				VALIDATE_PRODUCT = YES;
			};
			name = Release;
		};
		043FD75B1B79CFD400366018 /* Debug */ = {
			isa = XCBuildConfiguration;
			buildSettings = {
				ASSETCATALOG_COMPILER_APPICON_NAME = AppIcon;
				INFOPLIST_FILE = Daily_Something/Info.plist;
				LD_RUNPATH_SEARCH_PATHS = "$(inherited) @executable_path/Frameworks";
				PRODUCT_NAME = "$(TARGET_NAME)";
			};
			name = Debug;
		};
		043FD75C1B79CFD400366018 /* Release */ = {
			isa = XCBuildConfiguration;
			buildSettings = {
				ASSETCATALOG_COMPILER_APPICON_NAME = AppIcon;
				INFOPLIST_FILE = Daily_Something/Info.plist;
				LD_RUNPATH_SEARCH_PATHS = "$(inherited) @executable_path/Frameworks";
				PRODUCT_NAME = "$(TARGET_NAME)";
			};
			name = Release;
		};
		043FD75E1B79CFD400366018 /* Debug */ = {
			isa = XCBuildConfiguration;
			buildSettings = {
				BUNDLE_LOADER = "$(TEST_HOST)";
				FRAMEWORK_SEARCH_PATHS = (
					"$(SDKROOT)/Developer/Library/Frameworks",
					"$(inherited)",
				);
				GCC_PREPROCESSOR_DEFINITIONS = (
					"DEBUG=1",
					"$(inherited)",
				);
				INFOPLIST_FILE = Daily_SomethingTests/Info.plist;
				LD_RUNPATH_SEARCH_PATHS = "$(inherited) @executable_path/Frameworks @loader_path/Frameworks";
				PRODUCT_NAME = "$(TARGET_NAME)";
				TEST_HOST = "$(BUILT_PRODUCTS_DIR)/Daily_Something.app/Daily_Something";
			};
			name = Debug;
		};
		043FD75F1B79CFD400366018 /* Release */ = {
			isa = XCBuildConfiguration;
			buildSettings = {
				BUNDLE_LOADER = "$(TEST_HOST)";
				FRAMEWORK_SEARCH_PATHS = (
					"$(SDKROOT)/Developer/Library/Frameworks",
					"$(inherited)",
				);
				INFOPLIST_FILE = Daily_SomethingTests/Info.plist;
				LD_RUNPATH_SEARCH_PATHS = "$(inherited) @executable_path/Frameworks @loader_path/Frameworks";
				PRODUCT_NAME = "$(TARGET_NAME)";
				TEST_HOST = "$(BUILT_PRODUCTS_DIR)/Daily_Something.app/Daily_Something";
			};
			name = Release;
		};
/* End XCBuildConfiguration section */

/* Begin XCConfigurationList section */
		043FD7361B79CFD400366018 /* Build configuration list for PBXProject "Daily_Something" */ = {
			isa = XCConfigurationList;
			buildConfigurations = (
				043FD7581B79CFD400366018 /* Debug */,
				043FD7591B79CFD400366018 /* Release */,
			);
			defaultConfigurationIsVisible = 0;
			defaultConfigurationName = Release;
		};
		043FD75A1B79CFD400366018 /* Build configuration list for PBXNativeTarget "Daily_Something" */ = {
			isa = XCConfigurationList;
			buildConfigurations = (
				043FD75B1B79CFD400366018 /* Debug */,
				043FD75C1B79CFD400366018 /* Release */,
			);
			defaultConfigurationIsVisible = 0;
			defaultConfigurationName = Release;
		};
		043FD75D1B79CFD400366018 /* Build configuration list for PBXNativeTarget "Daily_SomethingTests" */ = {
			isa = XCConfigurationList;
			buildConfigurations = (
				043FD75E1B79CFD400366018 /* Debug */,
				043FD75F1B79CFD400366018 /* Release */,
			);
			defaultConfigurationIsVisible = 0;
			defaultConfigurationName = Release;
		};
/* End XCConfigurationList section */
	};
	rootObject = 043FD7331B79CFD400366018 /* Project object */;
}
